
Microsoft Visual Studio Solution File, Format Version 12.00
# Visual Studio 15
VisualStudioVersion = 15.0.27004.2008
MinimumVisualStudioVersion = 10.0.40219.1
Project("{FAE04EC0-301F-11D3-BF4B-00C04F79EFBC}") = "XamarinRESTServices.Android", "XamarinRESTServices\XamarinRESTServices.Android\XamarinRESTServices.Android.csproj", "{0E608A63-33E7-4BDC-887F-549EE2762463}"
EndProject
Project("{FAE04EC0-301F-11D3-BF4B-00C04F79EFBC}") = "XamarinRESTServices", "XamarinRESTServices\XamarinRESTServices\XamarinRESTServices.csproj", "{AF840599-7202-4B54-BA46-2B1EF1E400DD}"
EndProject
Project("{FAE04EC0-301F-11D3-BF4B-00C04F79EFBC}") = "XamarinRESTServices.UWP", "XamarinRESTServices\XamarinRESTServices.UWP\XamarinRESTServices.UWP.csproj", "{7540CA3B-712E-4C46-B792-3967268B630B}"
EndProject
Project("{FAE04EC0-301F-11D3-BF4B-00C04F79EFBC}") = "XamarinRESTServices.iOS", "XamarinRESTServices\XamarinRESTServices.iOS\XamarinRESTServices.iOS.csproj", "{AEA46A0F-D6A4-471A-9E45-D948F8B8D42B}"
EndProject
Global
	GlobalSection(SolutionConfigurationPlatforms) = preSolution
		Ad-Hoc|Any CPU = Ad-Hoc|Any CPU
		Ad-Hoc|ARM = Ad-Hoc|ARM
		Ad-Hoc|iPhone = Ad-Hoc|iPhone
		Ad-Hoc|iPhoneSimulator = Ad-Hoc|iPhoneSimulator
		Ad-Hoc|x64 = Ad-Hoc|x64
		Ad-Hoc|x86 = Ad-Hoc|x86
		AppStore|Any CPU = AppStore|Any CPU
		AppStore|ARM = AppStore|ARM
		AppStore|iPhone = AppStore|iPhone
		AppStore|iPhoneSimulator = AppStore|iPhoneSimulator
		AppStore|x64 = AppStore|x64
		AppStore|x86 = AppStore|x86
		Debug|Any CPU = Debug|Any CPU
		Debug|ARM = Debug|ARM
		Debug|iPhone = Debug|iPhone
		Debug|iPhoneSimulator = Debug|iPhoneSimulator
		Debug|x64 = Debug|x64
		Debug|x86 = Debug|x86
		Release|Any CPU = Release|Any CPU
		Release|ARM = Release|ARM
		Release|iPhone = Release|iPhone
		Release|iPhoneSimulator = Release|iPhoneSimulator
		Release|x64 = Release|x64
		Release|x86 = Release|x86
	EndGlobalSection
	GlobalSection(ProjectConfigurationPlatforms) = postSolution
		{0E608A63-33E7-4BDC-887F-549EE2762463}.Ad-Hoc|Any CPU.ActiveCfg = Release|Any CPU
		{0E608A63-33E7-4BDC-887F-549EE2762463}.Ad-Hoc|Any CPU.Build.0 = Release|Any CPU
		{0E608A63-33E7-4BDC-887F-549EE2762463}.Ad-Hoc|Any CPU.Deploy.0 = Release|Any CPU
		{0E608A63-33E7-4BDC-887F-549EE2762463}.Ad-Hoc|ARM.ActiveCfg = Release|Any CPU
		{0E608A63-33E7-4BDC-887F-549EE2762463}.Ad-Hoc|ARM.Build.0 = Release|Any CPU
		{0E608A63-33E7-4BDC-887F-549EE2762463}.Ad-Hoc|ARM.Deploy.0 = Release|Any CPU
		{0E608A63-33E7-4BDC-887F-549EE2762463}.Ad-Hoc|iPhone.ActiveCfg = Release|Any CPU
		{0E608A63-33E7-4BDC-887F-549EE2762463}.Ad-Hoc|iPhone.Build.0 = Release|Any CPU
		{0E608A63-33E7-4BDC-887F-549EE2762463}.Ad-Hoc|iPhone.Deploy.0 = Release|Any CPU
		{0E608A63-33E7-4BDC-887F-549EE2762463}.Ad-Hoc|iPhoneSimulator.ActiveCfg = Release|Any CPU
		{0E608A63-33E7-4BDC-887F-549EE2762463}.Ad-Hoc|iPhoneSimulator.Build.0 = Release|Any CPU
		{0E608A63-33E7-4BDC-887F-549EE2762463}.Ad-Hoc|iPhoneSimulator.Deploy.0 = Release|Any CPU
		{0E608A63-33E7-4BDC-887F-549EE2762463}.Ad-Hoc|x64.ActiveCfg = Release|Any CPU
		{0E608A63-33E7-4BDC-887F-549EE2762463}.Ad-Hoc|x64.Build.0 = Release|Any CPU
		{0E608A63-33E7-4BDC-887F-549EE2762463}.Ad-Hoc|x64.Deploy.0 = Release|Any CPU
		{0E608A63-33E7-4BDC-887F-549EE2762463}.Ad-Hoc|x86.ActiveCfg = Release|Any CPU
		{0E608A63-33E7-4BDC-887F-549EE2762463}.Ad-Hoc|x86.Build.0 = Release|Any CPU
		{0E608A63-33E7-4BDC-887F-549EE2762463}.Ad-Hoc|x86.Deploy.0 = Release|Any CPU
		{0E608A63-33E7-4BDC-887F-549EE2762463}.AppStore|Any CPU.ActiveCfg = Release|Any CPU
		{0E608A63-33E7-4BDC-887F-549EE2762463}.AppStore|Any CPU.Build.0 = Release|Any CPU
		{0E608A63-33E7-4BDC-887F-549EE2762463}.AppStore|Any CPU.Deploy.0 = Release|Any CPU
		{0E608A63-33E7-4BDC-887F-549EE2762463}.AppStore|ARM.ActiveCfg = Release|Any CPU
		{0E608A63-33E7-4BDC-887F-549EE2762463}.AppStore|ARM.Build.0 = Release|Any CPU
		{0E608A63-33E7-4BDC-887F-549EE2762463}.AppStore|ARM.Deploy.0 = Release|Any CPU
		{0E608A63-33E7-4BDC-887F-549EE2762463}.AppStore|iPhone.ActiveCfg = Release|Any CPU
		{0E608A63-33E7-4BDC-887F-549EE2762463}.AppStore|iPhone.Build.0 = Release|Any CPU
		{0E608A63-33E7-4BDC-887F-549EE2762463}.AppStore|iPhone.Deploy.0 = Release|Any CPU
		{0E608A63-33E7-4BDC-887F-549EE2762463}.AppStore|iPhoneSimulator.ActiveCfg = Release|Any CPU
		{0E608A63-33E7-4BDC-887F-549EE2762463}.AppStore|iPhoneSimulator.Build.0 = Release|Any CPU
		{0E608A63-33E7-4BDC-887F-549EE2762463}.AppStore|iPhoneSimulator.Deploy.0 = Release|Any CPU
		{0E608A63-33E7-4BDC-887F-549EE2762463}.AppStore|x64.ActiveCfg = Release|Any CPU
		{0E608A63-33E7-4BDC-887F-549EE2762463}.AppStore|x64.Build.0 = Release|Any CPU
		{0E608A63-33E7-4BDC-887F-549EE2762463}.AppStore|x64.Deploy.0 = Release|Any CPU
		{0E608A63-33E7-4BDC-887F-549EE2762463}.AppStore|x86.ActiveCfg = Release|Any CPU
		{0E608A63-33E7-4BDC-887F-549EE2762463}.AppStore|x86.Build.0 = Release|Any CPU
		{0E608A63-33E7-4BDC-887F-549EE2762463}.AppStore|x86.Deploy.0 = Release|Any CPU
		{0E608A63-33E7-4BDC-887F-549EE2762463}.Debug|Any CPU.ActiveCfg = Debug|Any CPU
		{0E608A63-33E7-4BDC-887F-549EE2762463}.Debug|Any CPU.Build.0 = Debug|Any CPU
		{0E608A63-33E7-4BDC-887F-549EE2762463}.Debug|Any CPU.Deploy.0 = Debug|Any CPU
		{0E608A63-33E7-4BDC-887F-549EE2762463}.Debug|ARM.ActiveCfg = Debug|Any CPU
		{0E608A63-33E7-4BDC-887F-549EE2762463}.Debug|ARM.Build.0 = Debug|Any CPU
		{0E608A63-33E7-4BDC-887F-549EE2762463}.Debug|ARM.Deploy.0 = Debug|Any CPU
		{0E608A63-33E7-4BDC-887F-549EE2762463}.Debug|iPhone.ActiveCfg = Debug|Any CPU
		{0E608A63-33E7-4BDC-887F-549EE2762463}.Debug|iPhone.Build.0 = Debug|Any CPU
		{0E608A63-33E7-4BDC-887F-549EE2762463}.Debug|iPhone.Deploy.0 = Debug|Any CPU
		{0E608A63-33E7-4BDC-887F-549EE2762463}.Debug|iPhoneSimulator.ActiveCfg = Debug|Any CPU
		{0E608A63-33E7-4BDC-887F-549EE2762463}.Debug|iPhoneSimulator.Build.0 = Debug|Any CPU
		{0E608A63-33E7-4BDC-887F-549EE2762463}.Debug|iPhoneSimulator.Deploy.0 = Debug|Any CPU
		{0E608A63-33E7-4BDC-887F-549EE2762463}.Debug|x64.ActiveCfg = Debug|Any CPU
		{0E608A63-33E7-4BDC-887F-549EE2762463}.Debug|x64.Build.0 = Debug|Any CPU
		{0E608A63-33E7-4BDC-887F-549EE2762463}.Debug|x64.Deploy.0 = Debug|Any CPU
		{0E608A63-33E7-4BDC-887F-549EE2762463}.Debug|x86.ActiveCfg = Debug|Any CPU
		{0E608A63-33E7-4BDC-887F-549EE2762463}.Debug|x86.Build.0 = Debug|Any CPU
		{0E608A63-33E7-4BDC-887F-549EE2762463}.Debug|x86.Deploy.0 = Debug|Any CPU
		{0E608A63-33E7-4BDC-887F-549EE2762463}.Release|Any CPU.ActiveCfg = Release|Any CPU
		{0E608A63-33E7-4BDC-887F-549EE2762463}.Release|Any CPU.Build.0 = Release|Any CPU
		{0E608A63-33E7-4BDC-887F-549EE2762463}.Release|Any CPU.Deploy.0 = Release|Any CPU
		{0E608A63-33E7-4BDC-887F-549EE2762463}.Release|ARM.ActiveCfg = Release|Any CPU
		{0E608A63-33E7-4BDC-887F-549EE2762463}.Release|ARM.Build.0 = Release|Any CPU
		{0E608A63-33E7-4BDC-887F-549EE2762463}.Release|ARM.Deploy.0 = Release|Any CPU
		{0E608A63-33E7-4BDC-887F-549EE2762463}.Release|iPhone.ActiveCfg = Release|Any CPU
		{0E608A63-33E7-4BDC-887F-549EE2762463}.Release|iPhone.Build.0 = Release|Any CPU
		{0E608A63-33E7-4BDC-887F-549EE2762463}.Release|iPhone.Deploy.0 = Release|Any CPU
		{0E608A63-33E7-4BDC-887F-549EE2762463}.Release|iPhoneSimulator.ActiveCfg = Release|Any CPU
		{0E608A63-33E7-4BDC-887F-549EE2762463}.Release|iPhoneSimulator.Build.0 = Release|Any CPU
		{0E608A63-33E7-4BDC-887F-549EE2762463}.Release|iPhoneSimulator.Deploy.0 = Release|Any CPU
		{0E608A63-33E7-4BDC-887F-549EE2762463}.Release|x64.ActiveCfg = Release|Any CPU
		{0E608A63-33E7-4BDC-887F-549EE2762463}.Release|x64.Build.0 = Release|Any CPU
		{0E608A63-33E7-4BDC-887F-549EE2762463}.Release|x64.Deploy.0 = Release|Any CPU
		{0E608A63-33E7-4BDC-887F-549EE2762463}.Release|x86.ActiveCfg = Release|Any CPU
		{0E608A63-33E7-4BDC-887F-549EE2762463}.Release|x86.Build.0 = Release|Any CPU
		{0E608A63-33E7-4BDC-887F-549EE2762463}.Release|x86.Deploy.0 = Release|Any CPU
		{AF840599-7202-4B54-BA46-2B1EF1E400DD}.Ad-Hoc|Any CPU.ActiveCfg = Release|Any CPU
		{AF840599-7202-4B54-BA46-2B1EF1E400DD}.Ad-Hoc|Any CPU.Build.0 = Release|Any CPU
		{AF840599-7202-4B54-BA46-2B1EF1E400DD}.Ad-Hoc|ARM.ActiveCfg = Release|Any CPU
		{AF840599-7202-4B54-BA46-2B1EF1E400DD}.Ad-Hoc|ARM.Build.0 = Release|Any CPU
		{AF840599-7202-4B54-BA46-2B1EF1E400DD}.Ad-Hoc|iPhone.ActiveCfg = Release|Any CPU
		{AF840599-7202-4B54-BA46-2B1EF1E400DD}.Ad-Hoc|iPhone.Build.0 = Release|Any CPU
		{AF840599-7202-4B54-BA46-2B1EF1E400DD}.Ad-Hoc|iPhoneSimulator.ActiveCfg = Release|Any CPU
		{AF840599-7202-4B54-BA46-2B1EF1E400DD}.Ad-Hoc|iPhoneSimulator.Build.0 = Release|Any CPU
		{AF840599-7202-4B54-BA46-2B1EF1E400DD}.Ad-Hoc|x64.ActiveCfg = Release|Any CPU
		{AF840599-7202-4B54-BA46-2B1EF1E400DD}.Ad-Hoc|x64.Build.0 = Release|Any CPU
		{AF840599-7202-4B54-BA46-2B1EF1E400DD}.Ad-Hoc|x86.ActiveCfg = Release|Any CPU
		{AF840599-7202-4B54-BA46-2B1EF1E400DD}.Ad-Hoc|x86.Build.0 = Release|Any CPU
		{AF840599-7202-4B54-BA46-2B1EF1E400DD}.AppStore|Any CPU.ActiveCfg = Release|Any CPU
		{AF840599-7202-4B54-BA46-2B1EF1E400DD}.AppStore|Any CPU.Build.0 = Release|Any CPU
		{AF840599-7202-4B54-BA46-2B1EF1E400DD}.AppStore|ARM.ActiveCfg = Release|Any CPU
		{AF840599-7202-4B54-BA46-2B1EF1E400DD}.AppStore|ARM.Build.0 = Release|Any CPU
		{AF840599-7202-4B54-BA46-2B1EF1E400DD}.AppStore|iPhone.ActiveCfg = Release|Any CPU
		{AF840599-7202-4B54-BA46-2B1EF1E400DD}.AppStore|iPhone.Build.0 = Release|Any CPU
		{AF840599-7202-4B54-BA46-2B1EF1E400DD}.AppStore|iPhoneSimulator.ActiveCfg = Release|Any CPU
		{AF840599-7202-4B54-BA46-2B1EF1E400DD}.AppStore|iPhoneSimulator.Build.0 = Release|Any CPU
		{AF840599-7202-4B54-BA46-2B1EF1E400DD}.AppStore|x64.ActiveCfg = Release|Any CPU
		{AF840599-7202-4B54-BA46-2B1EF1E400DD}.AppStore|x64.Build.0 = Release|Any CPU
		{AF840599-7202-4B54-BA46-2B1EF1E400DD}.AppStore|x86.ActiveCfg = Release|Any CPU
		{AF840599-7202-4B54-BA46-2B1EF1E400DD}.AppStore|x86.Build.0 = Release|Any CPU
		{AF840599-7202-4B54-BA46-2B1EF1E400DD}.Debug|Any CPU.ActiveCfg = Debug|Any CPU
		{AF840599-7202-4B54-BA46-2B1EF1E400DD}.Debug|Any CPU.Build.0 = Debug|Any CPU
		{AF840599-7202-4B54-BA46-2B1EF1E400DD}.Debug|ARM.ActiveCfg = Debug|Any CPU
		{AF840599-7202-4B54-BA46-2B1EF1E400DD}.Debug|ARM.Build.0 = Debug|Any CPU
		{AF840599-7202-4B54-BA46-2B1EF1E400DD}.Debug|iPhone.ActiveCfg = Debug|Any CPU
		{AF840599-7202-4B54-BA46-2B1EF1E400DD}.Debug|iPhone.Build.0 = Debug|Any CPU
		{AF840599-7202-4B54-BA46-2B1EF1E400DD}.Debug|iPhoneSimulator.ActiveCfg = Debug|Any CPU
		{AF840599-7202-4B54-BA46-2B1EF1E400DD}.Debug|iPhoneSimulator.Build.0 = Debug|Any CPU
		{AF840599-7202-4B54-BA46-2B1EF1E400DD}.Debug|x64.ActiveCfg = Debug|Any CPU
		{AF840599-7202-4B54-BA46-2B1EF1E400DD}.Debug|x64.Build.0 = Debug|Any CPU
		{AF840599-7202-4B54-BA46-2B1EF1E400DD}.Debug|x86.ActiveCfg = Debug|Any CPU
		{AF840599-7202-4B54-BA46-2B1EF1E400DD}.Debug|x86.Build.0 = Debug|Any CPU
		{AF840599-7202-4B54-BA46-2B1EF1E400DD}.Release|Any CPU.ActiveCfg = Release|Any CPU
		{AF840599-7202-4B54-BA46-2B1EF1E400DD}.Release|Any CPU.Build.0 = Release|Any CPU
		{AF840599-7202-4B54-BA46-2B1EF1E400DD}.Release|ARM.ActiveCfg = Release|Any CPU
		{AF840599-7202-4B54-BA46-2B1EF1E400DD}.Release|ARM.Build.0 = Release|Any CPU
		{AF840599-7202-4B54-BA46-2B1EF1E400DD}.Release|iPhone.ActiveCfg = Release|Any CPU
		{AF840599-7202-4B54-BA46-2B1EF1E400DD}.Release|iPhone.Build.0 = Release|Any CPU
		{AF840599-7202-4B54-BA46-2B1EF1E400DD}.Release|iPhoneSimulator.ActiveCfg = Release|Any CPU
		{AF840599-7202-4B54-BA46-2B1EF1E400DD}.Release|iPhoneSimulator.Build.0 = Release|Any CPU
		{AF840599-7202-4B54-BA46-2B1EF1E400DD}.Release|x64.ActiveCfg = Release|Any CPU
		{AF840599-7202-4B54-BA46-2B1EF1E400DD}.Release|x64.Build.0 = Release|Any CPU
		{AF840599-7202-4B54-BA46-2B1EF1E400DD}.Release|x86.ActiveCfg = Release|Any CPU
		{AF840599-7202-4B54-BA46-2B1EF1E400DD}.Release|x86.Build.0 = Release|Any CPU
		{7540CA3B-712E-4C46-B792-3967268B630B}.Ad-Hoc|Any CPU.ActiveCfg = Release|x86
		{7540CA3B-712E-4C46-B792-3967268B630B}.Ad-Hoc|Any CPU.Build.0 = Release|x86
		{7540CA3B-712E-4C46-B792-3967268B630B}.Ad-Hoc|Any CPU.Deploy.0 = Release|x86
		{7540CA3B-712E-4C46-B792-3967268B630B}.Ad-Hoc|ARM.ActiveCfg = Release|ARM
		{7540CA3B-712E-4C46-B792-3967268B630B}.Ad-Hoc|ARM.Build.0 = Release|ARM
		{7540CA3B-712E-4C46-B792-3967268B630B}.Ad-Hoc|ARM.Deploy.0 = Release|ARM
		{7540CA3B-712E-4C46-B792-3967268B630B}.Ad-Hoc|iPhone.ActiveCfg = Release|x86
		{7540CA3B-712E-4C46-B792-3967268B630B}.Ad-Hoc|iPhone.Build.0 = Release|x86
		{7540CA3B-712E-4C46-B792-3967268B630B}.Ad-Hoc|iPhone.Deploy.0 = Release|x86
		{7540CA3B-712E-4C46-B792-3967268B630B}.Ad-Hoc|iPhoneSimulator.ActiveCfg = Release|x86
		{7540CA3B-712E-4C46-B792-3967268B630B}.Ad-Hoc|iPhoneSimulator.Build.0 = Release|x86
		{7540CA3B-712E-4C46-B792-3967268B630B}.Ad-Hoc|iPhoneSimulator.Deploy.0 = Release|x86
		{7540CA3B-712E-4C46-B792-3967268B630B}.Ad-Hoc|x64.ActiveCfg = Release|x64
		{7540CA3B-712E-4C46-B792-3967268B630B}.Ad-Hoc|x64.Build.0 = Release|x64
		{7540CA3B-712E-4C46-B792-3967268B630B}.Ad-Hoc|x64.Deploy.0 = Release|x64
		{7540CA3B-712E-4C46-B792-3967268B630B}.Ad-Hoc|x86.ActiveCfg = Release|x86
		{7540CA3B-712E-4C46-B792-3967268B630B}.Ad-Hoc|x86.Build.0 = Release|x86
		{7540CA3B-712E-4C46-B792-3967268B630B}.Ad-Hoc|x86.Deploy.0 = Release|x86
		{7540CA3B-712E-4C46-B792-3967268B630B}.AppStore|Any CPU.ActiveCfg = Release|x86
		{7540CA3B-712E-4C46-B792-3967268B630B}.AppStore|Any CPU.Build.0 = Release|x86
		{7540CA3B-712E-4C46-B792-3967268B630B}.AppStore|Any CPU.Deploy.0 = Release|x86
		{7540CA3B-712E-4C46-B792-3967268B630B}.AppStore|ARM.ActiveCfg = Release|ARM
		{7540CA3B-712E-4C46-B792-3967268B630B}.AppStore|ARM.Build.0 = Release|ARM
		{7540CA3B-712E-4C46-B792-3967268B630B}.AppStore|ARM.Deploy.0 = Release|ARM
		{7540CA3B-712E-4C46-B792-3967268B630B}.AppStore|iPhone.ActiveCfg = Release|x86
		{7540CA3B-712E-4C46-B792-3967268B630B}.AppStore|iPhone.Build.0 = Release|x86
		{7540CA3B-712E-4C46-B792-3967268B630B}.AppStore|iPhone.Deploy.0 = Release|x86
		{7540CA3B-712E-4C46-B792-3967268B630B}.AppStore|iPhoneSimulator.ActiveCfg = Release|x86
		{7540CA3B-712E-4C46-B792-3967268B630B}.AppStore|iPhoneSimulator.Build.0 = Release|x86
		{7540CA3B-712E-4C46-B792-3967268B630B}.AppStore|iPhoneSimulator.Deploy.0 = Release|x86
		{7540CA3B-712E-4C46-B792-3967268B630B}.AppStore|x64.ActiveCfg = Release|x64
		{7540CA3B-712E-4C46-B792-3967268B630B}.AppStore|x64.Build.0 = Release|x64
		{7540CA3B-712E-4C46-B792-3967268B630B}.AppStore|x64.Deploy.0 = Release|x64
		{7540CA3B-712E-4C46-B792-3967268B630B}.AppStore|x86.ActiveCfg = Release|x86
		{7540CA3B-712E-4C46-B792-3967268B630B}.AppStore|x86.Build.0 = Release|x86
		{7540CA3B-712E-4C46-B792-3967268B630B}.AppStore|x86.Deploy.0 = Release|x86
		{7540CA3B-712E-4C46-B792-3967268B630B}.Debug|Any CPU.ActiveCfg = Debug|x86
		{7540CA3B-712E-4C46-B792-3967268B630B}.Debug|Any CPU.Build.0 = Debug|x86
		{7540CA3B-712E-4C46-B792-3967268B630B}.Debug|Any CPU.Deploy.0 = Debug|x86
		{7540CA3B-712E-4C46-B792-3967268B630B}.Debug|ARM.ActiveCfg = Debug|ARM
		{7540CA3B-712E-4C46-B792-3967268B630B}.Debug|ARM.Build.0 = Debug|ARM
		{7540CA3B-712E-4C46-B792-3967268B630B}.Debug|ARM.Deploy.0 = Debug|ARM
		{7540CA3B-712E-4C46-B792-3967268B630B}.Debug|iPhone.ActiveCfg = Debug|x86
		{7540CA3B-712E-4C46-B792-3967268B630B}.Debug|iPhoneSimulator.ActiveCfg = Debug|x86
		{7540CA3B-712E-4C46-B792-3967268B630B}.Debug|x64.ActiveCfg = Debug|x64
		{7540CA3B-712E-4C46-B792-3967268B630B}.Debug|x64.Build.0 = Debug|x64
		{7540CA3B-712E-4C46-B792-3967268B630B}.Debug|x64.Deploy.0 = Debug|x64
		{7540CA3B-712E-4C46-B792-3967268B630B}.Debug|x86.ActiveCfg = Debug|x86
		{7540CA3B-712E-4C46-B792-3967268B630B}.Debug|x86.Build.0 = Debug|x86
		{7540CA3B-712E-4C46-B792-3967268B630B}.Debug|x86.Deploy.0 = Debug|x86
		{7540CA3B-712E-4C46-B792-3967268B630B}.Release|Any CPU.ActiveCfg = Release|x86
		{7540CA3B-712E-4C46-B792-3967268B630B}.Release|ARM.ActiveCfg = Release|ARM
		{7540CA3B-712E-4C46-B792-3967268B630B}.Release|ARM.Build.0 = Release|ARM
		{7540CA3B-712E-4C46-B792-3967268B630B}.Release|ARM.Deploy.0 = Release|ARM
		{7540CA3B-712E-4C46-B792-3967268B630B}.Release|iPhone.ActiveCfg = Release|x86
		{7540CA3B-712E-4C46-B792-3967268B630B}.Release|iPhoneSimulator.ActiveCfg = Release|x86
		{7540CA3B-712E-4C46-B792-3967268B630B}.Release|x64.ActiveCfg = Release|x64
		{7540CA3B-712E-4C46-B792-3967268B630B}.Release|x64.Build.0 = Release|x64
		{7540CA3B-712E-4C46-B792-3967268B630B}.Release|x64.Deploy.0 = Release|x64
		{7540CA3B-712E-4C46-B792-3967268B630B}.Release|x86.ActiveCfg = Release|x86
		{7540CA3B-712E-4C46-B792-3967268B630B}.Release|x86.Build.0 = Release|x86
		{7540CA3B-712E-4C46-B792-3967268B630B}.Release|x86.Deploy.0 = Release|x86
		{AEA46A0F-D6A4-471A-9E45-D948F8B8D42B}.Ad-Hoc|Any CPU.ActiveCfg = Ad-Hoc|iPhoneSimulator
		{AEA46A0F-D6A4-471A-9E45-D948F8B8D42B}.Ad-Hoc|ARM.ActiveCfg = Ad-Hoc|iPhone
		{AEA46A0F-D6A4-471A-9E45-D948F8B8D42B}.Ad-Hoc|iPhone.ActiveCfg = Ad-Hoc|iPhone
		{AEA46A0F-D6A4-471A-9E45-D948F8B8D42B}.Ad-Hoc|iPhone.Build.0 = Ad-Hoc|iPhone
		{AEA46A0F-D6A4-471A-9E45-D948F8B8D42B}.Ad-Hoc|iPhoneSimulator.ActiveCfg = Ad-Hoc|iPhoneSimulator
		{AEA46A0F-D6A4-471A-9E45-D948F8B8D42B}.Ad-Hoc|iPhoneSimulator.Build.0 = Ad-Hoc|iPhoneSimulator
		{AEA46A0F-D6A4-471A-9E45-D948F8B8D42B}.Ad-Hoc|x64.ActiveCfg = Ad-Hoc|iPhone
		{AEA46A0F-D6A4-471A-9E45-D948F8B8D42B}.Ad-Hoc|x86.ActiveCfg = Ad-Hoc|iPhone
		{AEA46A0F-D6A4-471A-9E45-D948F8B8D42B}.AppStore|Any CPU.ActiveCfg = AppStore|iPhoneSimulator
		{AEA46A0F-D6A4-471A-9E45-D948F8B8D42B}.AppStore|ARM.ActiveCfg = AppStore|iPhone
		{AEA46A0F-D6A4-471A-9E45-D948F8B8D42B}.AppStore|iPhone.ActiveCfg = AppStore|iPhone
		{AEA46A0F-D6A4-471A-9E45-D948F8B8D42B}.AppStore|iPhone.Build.0 = AppStore|iPhone
		{AEA46A0F-D6A4-471A-9E45-D948F8B8D42B}.AppStore|iPhoneSimulator.ActiveCfg = AppStore|iPhoneSimulator
		{AEA46A0F-D6A4-471A-9E45-D948F8B8D42B}.AppStore|iPhoneSimulator.Build.0 = AppStore|iPhoneSimulator
		{AEA46A0F-D6A4-471A-9E45-D948F8B8D42B}.AppStore|x64.ActiveCfg = AppStore|iPhone
		{AEA46A0F-D6A4-471A-9E45-D948F8B8D42B}.AppStore|x86.ActiveCfg = AppStore|iPhone
		{AEA46A0F-D6A4-471A-9E45-D948F8B8D42B}.Debug|Any CPU.ActiveCfg = Debug|iPhoneSimulator
		{AEA46A0F-D6A4-471A-9E45-D948F8B8D42B}.Debug|Any CPU.Build.0 = Debug|iPhoneSimulator
		{AEA46A0F-D6A4-471A-9E45-D948F8B8D42B}.Debug|ARM.ActiveCfg = Debug|iPhone
		{AEA46A0F-D6A4-471A-9E45-D948F8B8D42B}.Debug|iPhone.ActiveCfg = Debug|iPhone
		{AEA46A0F-D6A4-471A-9E45-D948F8B8D42B}.Debug|iPhone.Build.0 = Debug|iPhone
		{AEA46A0F-D6A4-471A-9E45-D948F8B8D42B}.Debug|iPhoneSimulator.ActiveCfg = Debug|iPhoneSimulator
		{AEA46A0F-D6A4-471A-9E45-D948F8B8D42B}.Debug|iPhoneSimulator.Build.0 = Debug|iPhoneSimulator
		{AEA46A0F-D6A4-471A-9E45-D948F8B8D42B}.Debug|x64.ActiveCfg = Debug|iPhone
		{AEA46A0F-D6A4-471A-9E45-D948F8B8D42B}.Debug|x86.ActiveCfg = Debug|iPhone
		{AEA46A0F-D6A4-471A-9E45-D948F8B8D42B}.Release|Any CPU.ActiveCfg = Release|iPhoneSimulator
		{AEA46A0F-D6A4-471A-9E45-D948F8B8D42B}.Release|ARM.ActiveCfg = Release|iPhone
		{AEA46A0F-D6A4-471A-9E45-D948F8B8D42B}.Release|iPhone.ActiveCfg = Release|iPhone
		{AEA46A0F-D6A4-471A-9E45-D948F8B8D42B}.Release|iPhone.Build.0 = Release|iPhone
		{AEA46A0F-D6A4-471A-9E45-D948F8B8D42B}.Release|iPhoneSimulator.ActiveCfg = Release|iPhoneSimulator
		{AEA46A0F-D6A4-471A-9E45-D948F8B8D42B}.Release|iPhoneSimulator.Build.0 = Release|iPhoneSimulator
		{AEA46A0F-D6A4-471A-9E45-D948F8B8D42B}.Release|x64.ActiveCfg = Release|iPhone
		{AEA46A0F-D6A4-471A-9E45-D948F8B8D42B}.Release|x86.ActiveCfg = Release|iPhone
	EndGlobalSection
	GlobalSection(SolutionProperties) = preSolution
		HideSolutionNode = FALSE
	EndGlobalSection
	GlobalSection(ExtensibilityGlobals) = postSolution
		SolutionGuid = {A488E623-1488-4C00-A3A2-AE3FC5326E6F}
	EndGlobalSection
EndGlobal
